
Microsoft Visual Studio Solution File, Format Version 12.00
# Visual Studio Version 17
VisualStudioVersion = 17.8.34511.84
MinimumVisualStudioVersion = 10.0.40219.1
Project("{FAE04EC0-301F-11D3-BF4B-00C04F79EFBC}") = "VariablesHomework", "VariablesHomework\VariablesHomework.csproj", "{F92BF5A2-83BE-4504-88C2-16A29B864CCC}"
EndProject
Global
	GlobalSection(SolutionConfigurationPlatforms) = preSolution
		Debug|Any CPU = Debug|Any CPU
		Release|Any CPU = Release|Any CPU
	EndGlobalSection
	GlobalSection(ProjectConfigurationPlatforms) = postSolution
		{F92BF5A2-83BE-4504-88C2-16A29B864CCC}.Debug|Any CPU.ActiveCfg = Debug|Any CPU
		{F92BF5A2-83BE-4504-88C2-16A29B864CCC}.Debug|Any CPU.Build.0 = Debug|Any CPU
		{F92BF5A2-83BE-4504-88C2-16A29B864CCC}.Release|Any CPU.ActiveCfg = Release|Any CPU
		{F92BF5A2-83BE-4504-88C2-16A29B864CCC}.Release|Any CPU.Build.0 = Release|Any CPU
	EndGlobalSection
	GlobalSection(SolutionProperties) = preSolution
		HideSolutionNode = FALSE
	EndGlobalSection
	GlobalSection(ExtensibilityGlobals) = postSolution
		SolutionGuid = {5D34510A-01E0-48A2-8D80-C813CB00B037}
	EndGlobalSection
EndGlobal
